
Microsoft Visual Studio Solution File, Format Version 12.00
Project("{FAE04EC0-301F-11D3-BF4B-00C04F79EFBC}") = "Matrix", "Matrix\Matrix.csproj", "{2585F186-CE32-4316-AEDB-7F28DBB5E3F2}"
EndProject
Project("{FAE04EC0-301F-11D3-BF4B-00C04F79EFBC}") = "Matrix.Tests", "Matrix.Tests\Matrix.Tests.csproj", "{CEBE451C-7835-432B-BDBC-B62FD713C025}"
EndProject
Global
	GlobalSection(SolutionConfigurationPlatforms) = preSolution
		Debug|Any CPU = Debug|Any CPU
		Release|Any CPU = Release|Any CPU
	EndGlobalSection
	GlobalSection(ProjectConfigurationPlatforms) = postSolution
		{2585F186-CE32-4316-AEDB-7F28DBB5E3F2}.Debug|Any CPU.ActiveCfg = Debug|Any CPU
		{2585F186-CE32-4316-AEDB-7F28DBB5E3F2}.Debug|Any CPU.Build.0 = Debug|Any CPU
		{2585F186-CE32-4316-AEDB-7F28DBB5E3F2}.Release|Any CPU.ActiveCfg = Release|Any CPU
		{2585F186-CE32-4316-AEDB-7F28DBB5E3F2}.Release|Any CPU.Build.0 = Release|Any CPU
		{CEBE451C-7835-432B-BDBC-B62FD713C025}.Debug|Any CPU.ActiveCfg = Debug|Any CPU
		{CEBE451C-7835-432B-BDBC-B62FD713C025}.Debug|Any CPU.Build.0 = Debug|Any CPU
		{CEBE451C-7835-432B-BDBC-B62FD713C025}.Release|Any CPU.ActiveCfg = Release|Any CPU
		{CEBE451C-7835-432B-BDBC-B62FD713C025}.Release|Any CPU.Build.0 = Release|Any CPU
	EndGlobalSection
EndGlobal
